# THIS IS AN AUTOGENERATED FILE. DO NOT EDIT THIS FILE DIRECTLY.
# yarn lockfile v1


remark-sectionize@^1.0.1:
  version "1.0.1"
  resolved "http://registry.npm.taobao.org/remark-sectionize/download/remark-sectionize-1.0.1.tgz#9116d892eefd4a625e7ab9858e2dd217cdb685ac"
  dependencies:
    unist-util-find-after "^2.0.2"
    unist-util-visit-parents "^2.0.1"

unist-util-find-after@^2.0.2:
  version "2.0.2"
  resolved "http://registry.npm.taobao.org/unist-util-find-after/download/unist-util-find-after-2.0.2.tgz#018a18b757c43eeff7099f5c03bc6f50b0055dfd"
  dependencies:
    unist-util-is "^2.0.0"

unist-util-is@^2.0.0, unist-util-is@^2.1.2:
  version "2.1.2"
  resolved "http://registry.npm.taobao.org/unist-util-is/download/unist-util-is-2.1.2.tgz#1193fa8f2bfbbb82150633f3a8d2eb9a1c1d55db"

unist-util-visit-parents@^2.0.1:
  version "2.0.1"
  resolved "http://registry.npm.taobao.org/unist-util-visit-parents/download/unist-util-visit-parents-2.0.1.tgz#63fffc8929027bee04bfef7d2cce474f71cb6217"
  dependencies:
    unist-util-is "^2.1.2"
